
Microsoft Visual Studio Solution File, Format Version 12.00
# Visual Studio Version 16
VisualStudioVersion = 16.0.29209.62
MinimumVisualStudioVersion = 10.0.40219.1
Project("{FAE04EC0-301F-11D3-BF4B-00C04F79EFBC}") = "Dapper2", "Dapper2\Dapper2.csproj", "{990C39B3-9A15-49C0-90E4-A5CCABD400E5}"
EndProject
Global
	GlobalSection(SolutionConfigurationPlatforms) = preSolution
		Debug|Any CPU = Debug|Any CPU
		Release|Any CPU = Release|Any CPU
	EndGlobalSection
	GlobalSection(ProjectConfigurationPlatforms) = postSolution
		{990C39B3-9A15-49C0-90E4-A5CCABD400E5}.Debug|Any CPU.ActiveCfg = Debug|Any CPU
		{990C39B3-9A15-49C0-90E4-A5CCABD400E5}.Debug|Any CPU.Build.0 = Debug|Any CPU
		{990C39B3-9A15-49C0-90E4-A5CCABD400E5}.Release|Any CPU.ActiveCfg = Release|Any CPU
		{990C39B3-9A15-49C0-90E4-A5CCABD400E5}.Release|Any CPU.Build.0 = Release|Any CPU
	EndGlobalSection
	GlobalSection(SolutionProperties) = preSolution
		HideSolutionNode = FALSE
	EndGlobalSection
	GlobalSection(ExtensibilityGlobals) = postSolution
		SolutionGuid = {8D677620-9103-4031-916A-43C727CB6FFE}
	EndGlobalSection
EndGlobal
